// !$*UTF8*$!
{
	archiveVersion = 1;
	classes = {
	};
	objectVersion = 46;
	objects = {

/* Begin PBXFileReference section */
		5B03B0691753CCC90090E4BA /* MessageMappingOscPacketListener.h */ = {isa = PBXFileReference; fileEncoding = 4; lastKnownFileType = sourcecode.c.h; path = MessageMappingOscPacketListener.h; sourceTree = "<group>"; };
		5B03B06A1753CCC90090E4BA /* OscException.h */ = {isa = PBXFileReference; fileEncoding = 4; lastKnownFileType = sourcecode.c.h; path = OscException.h; sourceTree = "<group>"; };
		5B03B06B1753CCC90090E4BA /* OscHostEndianness.h */ = {isa = PBXFileReference; fileEncoding = 4; lastKnownFileType = sourcecode.c.h; path = OscHostEndianness.h; sourceTree = "<group>"; };
		5B03B06C1753CCC90090E4BA /* OscOutboundPacketStream.cpp */ = {isa = PBXFileReference; fileEncoding = 4; lastKnownFileType = sourcecode.cpp.cpp; path = OscOutboundPacketStream.cpp; sourceTree = "<group>"; };
		5B03B06D1753CCC90090E4BA /* OscOutboundPacketStream.h */ = {isa = PBXFileReference; fileEncoding = 4; lastKnownFileType = sourcecode.c.h; path = OscOutboundPacketStream.h; sourceTree = "<group>"; };
		5B03B06E1753CCC90090E4BA /* OscPacketListener.h */ = {isa = PBXFileReference; fileEncoding = 4; lastKnownFileType = sourcecode.c.h; path = OscPacketListener.h; sourceTree = "<group>"; };
		5B03B06F1753CCC90090E4BA /* OscPrintReceivedElements.cpp */ = {isa = PBXFileReference; fileEncoding = 4; lastKnownFileType = sourcecode.cpp.cpp; path = OscPrintReceivedElements.cpp; sourceTree = "<group>"; };
		5B03B0701753CCC90090E4BA /* OscPrintReceivedElements.h */ = {isa = PBXFileReference; fileEncoding = 4; lastKnownFileType = sourcecode.c.h; path = OscPrintReceivedElements.h; sourceTree = "<group>"; };
		5B03B0711753CCC90090E4BA /* OscReceivedElements.cpp */ = {isa = PBXFileReference; fileEncoding = 4; lastKnownFileType = sourcecode.cpp.cpp; path = OscReceivedElements.cpp; sourceTree = "<group>"; };
		5B03B0721753CCC90090E4BA /* OscReceivedElements.h */ = {isa = PBXFileReference; fileEncoding = 4; lastKnownFileType = sourcecode.c.h; path = OscReceivedElements.h; sourceTree = "<group>"; };
		5B03B0731753CCC90090E4BA /* OscTypes.cpp */ = {isa = PBXFileReference; fileEncoding = 4; lastKnownFileType = sourcecode.cpp.cpp; path = OscTypes.cpp; sourceTree = "<group>"; };
		5B03B0741753CCC90090E4BA /* OscTypes.h */ = {isa = PBXFileReference; fileEncoding = 4; lastKnownFileType = sourcecode.c.h; path = OscTypes.h; sourceTree = "<group>"; };
		5B1BEF8E173CA4C8004989D4 /* color.cpp */ = {isa = PBXFileReference; fileEncoding = 4; lastKnownFileType = sourcecode.cpp.cpp; name = color.cpp; path = ../src/color.cpp; sourceTree = "<group>"; };
		5B1BEF8F173CA4C8004989D4 /* color.h */ = {isa = PBXFileReference; fileEncoding = 4; lastKnownFileType = sourcecode.c.h; name = color.h; path = ../src/color.h; sourceTree = "<group>"; };
		5B1BEF90173CA4C8004989D4 /* effects.cpp */ = {isa = PBXFileReference; fileEncoding = 4; lastKnownFileType = sourcecode.cpp.cpp; name = effects.cpp; path = ../src/effects.cpp; sourceTree = "<group>"; };
		5B1BEF91173CA4C8004989D4 /* effects.h */ = {isa = PBXFileReference; fileEncoding = 4; lastKnownFileType = sourcecode.c.h; name = effects.h; path = ../src/effects.h; sourceTree = "<group>"; };
		5B1BEF92173CA4C8004989D4 /* kinet.cpp */ = {isa = PBXFileReference; fileEncoding = 4; lastKnownFileType = sourcecode.cpp.cpp; name = kinet.cpp; path = ../src/kinet.cpp; sourceTree = "<group>"; };
		5B1BEF93173CA4C8004989D4 /* kinet.h */ = {isa = PBXFileReference; fileEncoding = 4; lastKnownFileType = sourcecode.c.h; name = kinet.h; path = ../src/kinet.h; sourceTree = "<group>"; };
		5B1BEF94173CA4C8004989D4 /* main.cpp */ = {isa = PBXFileReference; fileEncoding = 4; lastKnownFileType = sourcecode.cpp.cpp; name = main.cpp; path = ../src/main.cpp; sourceTree = "<group>"; };
		5B1BEF95173CA4C8004989D4 /* Makefile */ = {isa = PBXFileReference; fileEncoding = 4; lastKnownFileType = sourcecode.make; name = Makefile; path = ../Makefile; sourceTree = "<group>"; };
/* End PBXFileReference section */

/* Begin PBXGroup section */
		5B03B0681753CCC90090E4BA /* osc */ = {
			isa = PBXGroup;
			children = (
				5B03B0691753CCC90090E4BA /* MessageMappingOscPacketListener.h */,
				5B03B06A1753CCC90090E4BA /* OscException.h */,
				5B03B06B1753CCC90090E4BA /* OscHostEndianness.h */,
				5B03B06C1753CCC90090E4BA /* OscOutboundPacketStream.cpp */,
				5B03B06D1753CCC90090E4BA /* OscOutboundPacketStream.h */,
				5B03B06E1753CCC90090E4BA /* OscPacketListener.h */,
				5B03B06F1753CCC90090E4BA /* OscPrintReceivedElements.cpp */,
				5B03B0701753CCC90090E4BA /* OscPrintReceivedElements.h */,
				5B03B0711753CCC90090E4BA /* OscReceivedElements.cpp */,
				5B03B0721753CCC90090E4BA /* OscReceivedElements.h */,
				5B03B0731753CCC90090E4BA /* OscTypes.cpp */,
				5B03B0741753CCC90090E4BA /* OscTypes.h */,
			);
			name = osc;
			path = ../src/osc;
			sourceTree = "<group>";
		};
		5B1BEF83173CA45A004989D4 = {
			isa = PBXGroup;
			children = (
				5B03B0681753CCC90090E4BA /* osc */,
				5B1BEF8E173CA4C8004989D4 /* color.cpp */,
				5B1BEF8F173CA4C8004989D4 /* color.h */,
				5B1BEF90173CA4C8004989D4 /* effects.cpp */,
				5B1BEF91173CA4C8004989D4 /* effects.h */,
				5B1BEF92173CA4C8004989D4 /* kinet.cpp */,
				5B1BEF93173CA4C8004989D4 /* kinet.h */,
				5B1BEF94173CA4C8004989D4 /* main.cpp */,
				5B1BEF95173CA4C8004989D4 /* Makefile */,
			);
			sourceTree = "<group>";
		};
/* End PBXGroup section */

/* Begin PBXLegacyTarget section */
		5B1BEF88173CA45A004989D4 /* runmoody */ = {
			isa = PBXLegacyTarget;
			buildArgumentsString = "$(ACTION)";
			buildConfigurationList = 5B1BEF8B173CA45A004989D4 /* Build configuration list for PBXLegacyTarget "runmoody" */;
			buildPhases = (
			);
			buildToolPath = /usr/bin/make;
			buildWorkingDirectory = "$(SRCROOT)/../";
			dependencies = (
			);
			name = runmoody;
			passBuildSettingsInEnvironment = 1;
			productName = "Moody Lights";
		};
/* End PBXLegacyTarget section */

/* Begin PBXProject section */
		5B1BEF84173CA45A004989D4 /* Project object */ = {
			isa = PBXProject;
			attributes = {
				LastUpgradeCheck = 0460;
				ORGANIZATIONNAME = "Michael Dewberry";
			};
			buildConfigurationList = 5B1BEF87173CA45A004989D4 /* Build configuration list for PBXProject "Moody Lights" */;
			compatibilityVersion = "Xcode 3.2";
			developmentRegion = English;
			hasScannedForEncodings = 0;
			knownRegions = (
				en,
			);
			mainGroup = 5B1BEF83173CA45A004989D4;
			projectDirPath = "";
			projectRoot = "";
			targets = (
				5B1BEF88173CA45A004989D4 /* runmoody */,
			);
		};
/* End PBXProject section */

/* Begin XCBuildConfiguration section */
		5B1BEF89173CA45A004989D4 /* Debug */ = {
			isa = XCBuildConfiguration;
			buildSettings = {
				ALWAYS_SEARCH_USER_PATHS = NO;
				ARCHS = "$(ARCHS_STANDARD_64_BIT)";
				CLANG_CXX_LANGUAGE_STANDARD = "gnu++0x";
				CLANG_CXX_LIBRARY = "libc++";
				CLANG_WARN_CONSTANT_CONVERSION = YES;
				CLANG_WARN_EMPTY_BODY = YES;
				CLANG_WARN_ENUM_CONVERSION = YES;
				CLANG_WARN_INT_CONVERSION = YES;
				CLANG_WARN__DUPLICATE_METHOD_MATCH = YES;
				COPY_PHASE_STRIP = NO;
				GCC_C_LANGUAGE_STANDARD = gnu99;
				GCC_DYNAMIC_NO_PIC = NO;
				GCC_ENABLE_OBJC_EXCEPTIONS = YES;
				GCC_OPTIMIZATION_LEVEL = 0;
				GCC_PREPROCESSOR_DEFINITIONS = (
					"DEBUG=1",
					"$(inherited)",
				);
				GCC_SYMBOLS_PRIVATE_EXTERN = NO;
				GCC_WARN_64_TO_32_BIT_CONVERSION = YES;
				GCC_WARN_ABOUT_RETURN_TYPE = YES;
				GCC_WARN_UNINITIALIZED_AUTOS = YES;
				GCC_WARN_UNUSED_VARIABLE = YES;
				MACOSX_DEPLOYMENT_TARGET = 10.8;
				ONLY_ACTIVE_ARCH = YES;
				SDKROOT = macosx;
			};
			name = Debug;
		};
		5B1BEF8A173CA45A004989D4 /* Release */ = {
			isa = XCBuildConfiguration;
			buildSettings = {
				ALWAYS_SEARCH_USER_PATHS = NO;
				ARCHS = "$(ARCHS_STANDARD_64_BIT)";
				CLANG_CXX_LANGUAGE_STANDARD = "gnu++0x";
				CLANG_CXX_LIBRARY = "libc++";
				CLANG_WARN_CONSTANT_CONVERSION = YES;
				CLANG_WARN_EMPTY_BODY = YES;
				CLANG_WARN_ENUM_CONVERSION = YES;
				CLANG_WARN_INT_CONVERSION = YES;
				CLANG_WARN__DUPLICATE_METHOD_MATCH = YES;
				COPY_PHASE_STRIP = YES;
				DEBUG_INFORMATION_FORMAT = "dwarf-with-dsym";
				GCC_C_LANGUAGE_STANDARD = gnu99;
				GCC_ENABLE_OBJC_EXCEPTIONS = YES;
				GCC_WARN_64_TO_32_BIT_CONVERSION = YES;
				GCC_WARN_ABOUT_RETURN_TYPE = YES;
				GCC_WARN_UNINITIALIZED_AUTOS = YES;
				GCC_WARN_UNUSED_VARIABLE = YES;
				MACOSX_DEPLOYMENT_TARGET = 10.8;
				SDKROOT = macosx;
			};
			name = Release;
		};
		5B1BEF8C173CA45A004989D4 /* Debug */ = {
			isa = XCBuildConfiguration;
			buildSettings = {
				DEBUGGING_SYMBOLS = YES;
				GCC_GENERATE_DEBUGGING_SYMBOLS = YES;
				GCC_OPTIMIZATION_LEVEL = 0;
				OTHER_CFLAGS = "";
				OTHER_LDFLAGS = "";
				PRODUCT_NAME = "$(TARGET_NAME)";
			};
			name = Debug;
		};
		5B1BEF8D173CA45A004989D4 /* Release */ = {
			isa = XCBuildConfiguration;
			buildSettings = {
				OTHER_CFLAGS = "";
				OTHER_LDFLAGS = "";
				PRODUCT_NAME = "$(TARGET_NAME)";
			};
			name = Release;
		};
/* End XCBuildConfiguration section */

/* Begin XCConfigurationList section */
		5B1BEF87173CA45A004989D4 /* Build configuration list for PBXProject "Moody Lights" */ = {
			isa = XCConfigurationList;
			buildConfigurations = (
				5B1BEF89173CA45A004989D4 /* Debug */,
				5B1BEF8A173CA45A004989D4 /* Release */,
			);
			defaultConfigurationIsVisible = 0;
			defaultConfigurationName = Release;
		};
		5B1BEF8B173CA45A004989D4 /* Build configuration list for PBXLegacyTarget "runmoody" */ = {
			isa = XCConfigurationList;
			buildConfigurations = (
				5B1BEF8C173CA45A004989D4 /* Debug */,
				5B1BEF8D173CA45A004989D4 /* Release */,
			);
			defaultConfigurationIsVisible = 0;
			defaultConfigurationName = Release;
		};
/* End XCConfigurationList section */
	};
	rootObject = 5B1BEF84173CA45A004989D4 /* Project object */;
}
